{
  "name": "mudra-skills",
  "version": "1.1.0",
  "lockfileVersion": 3,
  "requires": true,
  "packages": {
    "": {
      "name": "mudra-skills",
      "version": "1.1.0",
      "license": "MIT",
      "dependencies": {
        "mudra-skills": "^1.1.0"
      },
      "bin": {
        "mudra-skills": "bin/cli.js"
      }
    },
    "node_modules/mudra-skills": {
      "version": "1.1.0",
      "resolved": "https://registry.npmjs.org/mudra-skills/-/mudra-skills-1.1.0.tgz",
      "integrity": "sha512-kq17PX/jkH4bGflmgJJXFoF+OyTKnaQU2YksNVt1HcAPNSrRiWgNmmgO3XZLSL0+oq6c4vyace2GTqSElxZLZg==",
      "license": "MIT",
      "bin": {
        "mudra-skills": "bin/cli.js"
      }
    }
  }
}
